
Microsoft Visual Studio Solution File, Format Version 12.00
# Visual Studio Version 17
VisualStudioVersion = 17.3.32922.545
MinimumVisualStudioVersion = 10.0.40219.1
Project("{FAE04EC0-301F-11D3-BF4B-00C04F79EFBC}") = "TelerikDocker", "TelerikDocker.csproj", "{2F755218-125B-4E99-AC7A-0E3F2D27A6C2}"
EndProject
Global
	GlobalSection(SolutionConfigurationPlatforms) = preSolution
		Debug|Any CPU = Debug|Any CPU
		Release|Any CPU = Release|Any CPU
	EndGlobalSection
	GlobalSection(ProjectConfigurationPlatforms) = postSolution
		{2F755218-125B-4E99-AC7A-0E3F2D27A6C2}.Debug|Any CPU.ActiveCfg = Debug|Any CPU
		{2F755218-125B-4E99-AC7A-0E3F2D27A6C2}.Debug|Any CPU.Build.0 = Debug|Any CPU
		{2F755218-125B-4E99-AC7A-0E3F2D27A6C2}.Release|Any CPU.ActiveCfg = Release|Any CPU
		{2F755218-125B-4E99-AC7A-0E3F2D27A6C2}.Release|Any CPU.Build.0 = Release|Any CPU
	EndGlobalSection
	GlobalSection(SolutionProperties) = preSolution
		HideSolutionNode = FALSE
	EndGlobalSection
	GlobalSection(ExtensibilityGlobals) = postSolution
		SolutionGuid = {5E86F7DC-2D66-41AB-BAF7-13E790BFBBA1}
	EndGlobalSection
EndGlobal
